
Microsoft Visual Studio Solution File, Format Version 12.00
# Visual Studio 2013
VisualStudioVersion = 12.0.40629.0
MinimumVisualStudioVersion = 10.0.40219.1
Project("{8BC9CEB8-8B4A-11D0-8D11-00A0C91BC942}") = "test", "test\test.vcxproj", "{30598165-9725-4148-9D7A-794353CD8C20}"
EndProject
Project("{8BC9CEB8-8B4A-11D0-8D11-00A0C91BC942}") = "ruijie", "ruijie\ruijie.vcxproj", "{4568D82C-8E19-4D01-9DF4-134BBF70C278}"
EndProject
Global
	GlobalSection(SolutionConfigurationPlatforms) = preSolution
		Debug|Win32 = Debug|Win32
		Release|Win32 = Release|Win32
	EndGlobalSection
	GlobalSection(ProjectConfigurationPlatforms) = postSolution
		{30598165-9725-4148-9D7A-794353CD8C20}.Debug|Win32.ActiveCfg = Debug|Win32
		{30598165-9725-4148-9D7A-794353CD8C20}.Release|Win32.ActiveCfg = Release|Win32
		{4568D82C-8E19-4D01-9DF4-134BBF70C278}.Debug|Win32.ActiveCfg = Debug|Win32
		{4568D82C-8E19-4D01-9DF4-134BBF70C278}.Debug|Win32.Build.0 = Debug|Win32
		{4568D82C-8E19-4D01-9DF4-134BBF70C278}.Release|Win32.ActiveCfg = Release|Win32
		{4568D82C-8E19-4D01-9DF4-134BBF70C278}.Release|Win32.Build.0 = Release|Win32
	EndGlobalSection
	GlobalSection(SolutionProperties) = preSolution
		HideSolutionNode = FALSE
	EndGlobalSection
EndGlobal
