<?xml version="1.0" encoding="utf-8"?>
<Project ToolsVersion="4.0" xmlns="http://schemas.microsoft.com/developer/msbuild/2003">
  <ItemGroup>
    <Filter Include="Source files">
      <UniqueIdentifier>{5d1383b2-e32c-4b0e-8d60-3dc4a5e9fea2}</UniqueIdentifier>
      <Extensions>cpp;c;cc;cxx;def;odl;idl;hpj;bat;asm;asmx</Extensions>
    </Filter>
    <Filter Include="Header files">
      <UniqueIdentifier>{e6430739-dd66-41aa-aefe-c575df47c7f7}</UniqueIdentifier>
      <Extensions>h;hpp;hxx;hm;inl;inc;xsd</Extensions>
    </Filter>
    <Filter Include="Resource files">
      <UniqueIdentifier>{e13abc93-e00b-461f-886f-9c859e48950c}</UniqueIdentifier>
      <Extensions>rc;ico;cur;bmp;dlg;rc2;rct;bin;rgs;gif;jpg;jpeg;jpe;resx;tiff;tif;png;wav</Extensions>
    </Filter>
    <Filter Include="Make files">
      <UniqueIdentifier>{029ff960-4e96-4371-b5d2-e2d9cea6e115}</UniqueIdentifier>
      <Extensions>*.mak</Extensions>
    </Filter>
  </ItemGroup>
  <ItemGroup>
    <ClCompile Include="ruijie.cpp">
      <Filter>Source files</Filter>
    </ClCompile>
    <ClCompile Include="handler.cpp">
      <Filter>Source files</Filter>
    </ClCompile>
    <ClCompile Include="packet.cpp">
      <Filter>Source files</Filter>
    </ClCompile>
    <ClCompile Include="md5.cpp">
      <Filter>Source files</Filter>
    </ClCompile>
  </ItemGroup>
  <ItemGroup>
    <None Include="Makefile" />
    <None Include="debug.mak">
      <Filter>Make files</Filter>
    </None>
    <None Include="release.mak">
      <Filter>Make files</Filter>
    </None>
  </ItemGroup>
  <ItemGroup>
    <ClInclude Include="handler.h">
      <Filter>Header files</Filter>
    </ClInclude>
    <ClInclude Include="packet.h">
      <Filter>Header files</Filter>
    </ClInclude>
    <ClInclude Include="md5.h">
      <Filter>Header files</Filter>
    </ClInclude>
  </ItemGroup>
</Project>